
Microsoft Visual Studio Solution File, Format Version 12.00
# Visual Studio Version 16
VisualStudioVersion = 16.0.29102.190
MinimumVisualStudioVersion = 10.0.40219.1
Project("{888888A0-9F3D-457C-B088-3A5042F75D52}") = "Skip-gram", "Skip-gram.pyproj", "{AC74E5DE-0D51-4805-94B3-90A6163A0108}"
EndProject
Project("{FAE04EC0-301F-11D3-BF4B-00C04F79EFBC}") = "Word2VecCSharp", "Word2VecCSharp\Word2VecCSharp.csproj", "{2B1160FF-0D28-4B39-9886-A7EC5718DB30}"
EndProject
Global
	GlobalSection(SolutionConfigurationPlatforms) = preSolution
		Debug|Any CPU = Debug|Any CPU
		Release|Any CPU = Release|Any CPU
	EndGlobalSection
	GlobalSection(ProjectConfigurationPlatforms) = postSolution
		{AC74E5DE-0D51-4805-94B3-90A6163A0108}.Debug|Any CPU.ActiveCfg = Debug|Any CPU
		{AC74E5DE-0D51-4805-94B3-90A6163A0108}.Release|Any CPU.ActiveCfg = Release|Any CPU
		{2B1160FF-0D28-4B39-9886-A7EC5718DB30}.Debug|Any CPU.ActiveCfg = Debug|Any CPU
		{2B1160FF-0D28-4B39-9886-A7EC5718DB30}.Debug|Any CPU.Build.0 = Debug|Any CPU
		{2B1160FF-0D28-4B39-9886-A7EC5718DB30}.Release|Any CPU.ActiveCfg = Release|Any CPU
		{2B1160FF-0D28-4B39-9886-A7EC5718DB30}.Release|Any CPU.Build.0 = Release|Any CPU
	EndGlobalSection
	GlobalSection(SolutionProperties) = preSolution
		HideSolutionNode = FALSE
	EndGlobalSection
	GlobalSection(ExtensibilityGlobals) = postSolution
		SolutionGuid = {206DD41F-015D-4D7D-BABE-90682780CB23}
	EndGlobalSection
EndGlobal
